
Microsoft Visual Studio Solution File, Format Version 12.00
# Visual Studio Version 16
VisualStudioVersion = 16.0.30717.126
MinimumVisualStudioVersion = 10.0.40219.1
Project("{FAE04EC0-301F-11D3-BF4B-00C04F79EFBC}") = "RestWithASPNETUdemy", "RestWithASPNETUdemy\RestWithASPNETUdemy.csproj", "{6BC1F120-FD1B-4A4B-9580-FB1D5A1BF2E2}"
EndProject
Global
	GlobalSection(SolutionConfigurationPlatforms) = preSolution
		Debug|Any CPU = Debug|Any CPU
		Release|Any CPU = Release|Any CPU
	EndGlobalSection
	GlobalSection(ProjectConfigurationPlatforms) = postSolution
		{6BC1F120-FD1B-4A4B-9580-FB1D5A1BF2E2}.Debug|Any CPU.ActiveCfg = Debug|Any CPU
		{6BC1F120-FD1B-4A4B-9580-FB1D5A1BF2E2}.Debug|Any CPU.Build.0 = Debug|Any CPU
		{6BC1F120-FD1B-4A4B-9580-FB1D5A1BF2E2}.Release|Any CPU.ActiveCfg = Release|Any CPU
		{6BC1F120-FD1B-4A4B-9580-FB1D5A1BF2E2}.Release|Any CPU.Build.0 = Release|Any CPU
	EndGlobalSection
	GlobalSection(SolutionProperties) = preSolution
		HideSolutionNode = FALSE
	EndGlobalSection
	GlobalSection(ExtensibilityGlobals) = postSolution
		SolutionGuid = {07203FF7-9E32-4085-9F90-BEFBDC64A6BD}
	EndGlobalSection
EndGlobal
